
Microsoft Visual Studio Solution File, Format Version 12.00
# Visual Studio Version 17
VisualStudioVersion = 17.7.34031.279
MinimumVisualStudioVersion = 10.0.40219.1
Project("{FAE04EC0-301F-11D3-BF4B-00C04F79EFBC}") = "TicTacToe2", "TicTacToe2.csproj", "{3883E05E-491C-410E-8E4B-214A0746D5F5}"
EndProject
Global
	GlobalSection(SolutionConfigurationPlatforms) = preSolution
		Debug|Any CPU = Debug|Any CPU
		Release|Any CPU = Release|Any CPU
	EndGlobalSection
	GlobalSection(ProjectConfigurationPlatforms) = postSolution
		{3883E05E-491C-410E-8E4B-214A0746D5F5}.Debug|Any CPU.ActiveCfg = Debug|Any CPU
		{3883E05E-491C-410E-8E4B-214A0746D5F5}.Debug|Any CPU.Build.0 = Debug|Any CPU
		{3883E05E-491C-410E-8E4B-214A0746D5F5}.Debug|Any CPU.Deploy.0 = Debug|Any CPU
		{3883E05E-491C-410E-8E4B-214A0746D5F5}.Release|Any CPU.ActiveCfg = Release|Any CPU
		{3883E05E-491C-410E-8E4B-214A0746D5F5}.Release|Any CPU.Build.0 = Release|Any CPU
		{3883E05E-491C-410E-8E4B-214A0746D5F5}.Release|Any CPU.Deploy.0 = Release|Any CPU
	EndGlobalSection
	GlobalSection(SolutionProperties) = preSolution
		HideSolutionNode = FALSE
	EndGlobalSection
	GlobalSection(ExtensibilityGlobals) = postSolution
		SolutionGuid = {E9AF5A1E-2B2F-4172-A823-A2796555A872}
	EndGlobalSection
EndGlobal
